
Microsoft Visual Studio Solution File, Format Version 12.00
# Visual Studio Version 17
VisualStudioVersion = 17.4.33213.308
MinimumVisualStudioVersion = 10.0.40219.1
Project("{FAE04EC0-301F-11D3-BF4B-00C04F79EFBC}") = "DiplomWPF", "DiplomWPF\DiplomWPF.csproj", "{8B9B70F4-1730-4EA3-9B17-C50EE436167B}"
EndProject
Global
	GlobalSection(SolutionConfigurationPlatforms) = preSolution
		Debug|Any CPU = Debug|Any CPU
		Release|Any CPU = Release|Any CPU
	EndGlobalSection
	GlobalSection(ProjectConfigurationPlatforms) = postSolution
		{8B9B70F4-1730-4EA3-9B17-C50EE436167B}.Debug|Any CPU.ActiveCfg = Debug|Any CPU
		{8B9B70F4-1730-4EA3-9B17-C50EE436167B}.Debug|Any CPU.Build.0 = Debug|Any CPU
		{8B9B70F4-1730-4EA3-9B17-C50EE436167B}.Release|Any CPU.ActiveCfg = Release|Any CPU
		{8B9B70F4-1730-4EA3-9B17-C50EE436167B}.Release|Any CPU.Build.0 = Release|Any CPU
	EndGlobalSection
	GlobalSection(SolutionProperties) = preSolution
		HideSolutionNode = FALSE
	EndGlobalSection
	GlobalSection(ExtensibilityGlobals) = postSolution
		SolutionGuid = {FD56A58A-1E1F-4D06-859A-AA094FF38CBB}
	EndGlobalSection
EndGlobal
